
Microsoft Visual Studio Solution File, Format Version 12.00
# Visual Studio 2012
Project("{FAE04EC0-301F-11D3-BF4B-00C04F79EFBC}") = "Hangman", "Hangman.csproj", "{530F3BEA-BEB1-4392-AF32-47DFA4305BB9}"
EndProject
Project("{FAE04EC0-301F-11D3-BF4B-00C04F79EFBC}") = "Hangman.Tests", "Hangman.Tests\Hangman.Tests.csproj", "{FEF410AD-56E0-4867-A054-41C939B0C6CA}"
EndProject
Global
	GlobalSection(SolutionConfigurationPlatforms) = preSolution
		Debug|Any CPU = Debug|Any CPU
		Debug|Mixed Platforms = Debug|Mixed Platforms
		Debug|x86 = Debug|x86
		Release|Any CPU = Release|Any CPU
		Release|Mixed Platforms = Release|Mixed Platforms
		Release|x86 = Release|x86
	EndGlobalSection
	GlobalSection(ProjectConfigurationPlatforms) = postSolution
		{530F3BEA-BEB1-4392-AF32-47DFA4305BB9}.Debug|Any CPU.ActiveCfg = Debug|x86
		{530F3BEA-BEB1-4392-AF32-47DFA4305BB9}.Debug|Mixed Platforms.ActiveCfg = Debug|x86
		{530F3BEA-BEB1-4392-AF32-47DFA4305BB9}.Debug|Mixed Platforms.Build.0 = Debug|x86
		{530F3BEA-BEB1-4392-AF32-47DFA4305BB9}.Debug|x86.ActiveCfg = Debug|x86
		{530F3BEA-BEB1-4392-AF32-47DFA4305BB9}.Debug|x86.Build.0 = Debug|x86
		{530F3BEA-BEB1-4392-AF32-47DFA4305BB9}.Release|Any CPU.ActiveCfg = Release|x86
		{530F3BEA-BEB1-4392-AF32-47DFA4305BB9}.Release|Mixed Platforms.ActiveCfg = Release|x86
		{530F3BEA-BEB1-4392-AF32-47DFA4305BB9}.Release|Mixed Platforms.Build.0 = Release|x86
		{530F3BEA-BEB1-4392-AF32-47DFA4305BB9}.Release|x86.ActiveCfg = Release|x86
		{530F3BEA-BEB1-4392-AF32-47DFA4305BB9}.Release|x86.Build.0 = Release|x86
		{FEF410AD-56E0-4867-A054-41C939B0C6CA}.Debug|Any CPU.ActiveCfg = Debug|Any CPU
		{FEF410AD-56E0-4867-A054-41C939B0C6CA}.Debug|Any CPU.Build.0 = Debug|Any CPU
		{FEF410AD-56E0-4867-A054-41C939B0C6CA}.Debug|Mixed Platforms.ActiveCfg = Debug|Any CPU
		{FEF410AD-56E0-4867-A054-41C939B0C6CA}.Debug|Mixed Platforms.Build.0 = Debug|Any CPU
		{FEF410AD-56E0-4867-A054-41C939B0C6CA}.Debug|x86.ActiveCfg = Debug|Any CPU
		{FEF410AD-56E0-4867-A054-41C939B0C6CA}.Release|Any CPU.ActiveCfg = Release|Any CPU
		{FEF410AD-56E0-4867-A054-41C939B0C6CA}.Release|Any CPU.Build.0 = Release|Any CPU
		{FEF410AD-56E0-4867-A054-41C939B0C6CA}.Release|Mixed Platforms.ActiveCfg = Release|Any CPU
		{FEF410AD-56E0-4867-A054-41C939B0C6CA}.Release|Mixed Platforms.Build.0 = Release|Any CPU
		{FEF410AD-56E0-4867-A054-41C939B0C6CA}.Release|x86.ActiveCfg = Release|Any CPU
	EndGlobalSection
	GlobalSection(SolutionProperties) = preSolution
		HideSolutionNode = FALSE
	EndGlobalSection
EndGlobal
